
Microsoft Visual Studio Solution File, Format Version 12.00
# Visual Studio Version 17
VisualStudioVersion = 17.8.34408.163
MinimumVisualStudioVersion = 10.0.40219.1
Project("{FAE04EC0-301F-11D3-BF4B-00C04F79EFBC}") = "BlazorPractice", "BlazorPractice\BlazorPractice\BlazorPractice.csproj", "{E0C189F9-E075-4113-B5D7-8097332776DC}"
EndProject
Project("{FAE04EC0-301F-11D3-BF4B-00C04F79EFBC}") = "BlazorPractice.Client", "BlazorPractice\BlazorPractice.Client\BlazorPractice.Client.csproj", "{A07279EB-FFDB-4B16-9D4E-DECBFE6CAE29}"
EndProject
Global
	GlobalSection(SolutionConfigurationPlatforms) = preSolution
		Debug|Any CPU = Debug|Any CPU
		Release|Any CPU = Release|Any CPU
	EndGlobalSection
	GlobalSection(ProjectConfigurationPlatforms) = postSolution
		{E0C189F9-E075-4113-B5D7-8097332776DC}.Debug|Any CPU.ActiveCfg = Debug|Any CPU
		{E0C189F9-E075-4113-B5D7-8097332776DC}.Debug|Any CPU.Build.0 = Debug|Any CPU
		{E0C189F9-E075-4113-B5D7-8097332776DC}.Release|Any CPU.ActiveCfg = Release|Any CPU
		{E0C189F9-E075-4113-B5D7-8097332776DC}.Release|Any CPU.Build.0 = Release|Any CPU
		{A07279EB-FFDB-4B16-9D4E-DECBFE6CAE29}.Debug|Any CPU.ActiveCfg = Debug|Any CPU
		{A07279EB-FFDB-4B16-9D4E-DECBFE6CAE29}.Debug|Any CPU.Build.0 = Debug|Any CPU
		{A07279EB-FFDB-4B16-9D4E-DECBFE6CAE29}.Release|Any CPU.ActiveCfg = Release|Any CPU
		{A07279EB-FFDB-4B16-9D4E-DECBFE6CAE29}.Release|Any CPU.Build.0 = Release|Any CPU
	EndGlobalSection
	GlobalSection(SolutionProperties) = preSolution
		HideSolutionNode = FALSE
	EndGlobalSection
	GlobalSection(ExtensibilityGlobals) = postSolution
		SolutionGuid = {4360D22D-F5C5-4ADD-89F0-26E190C9F78F}
	EndGlobalSection
EndGlobal
